// !$*UTF8*$!
{
	archiveVersion = 1;
	classes = {
	};
	objectVersion = 46;
	objects = {

/* Begin PBXBuildFile section */
		19CE0C1C1A91218212D64C5A /* Pods_TableViewSections_Tests.framework in Frameworks */ = {isa = PBXBuildFile; fileRef = E66482E1587AEB4021EAD5EC /* Pods_TableViewSections_Tests.framework */; };
		2534F7042C292885009BED6C /* PlanProfitRatioCell.swift in Sources */ = {isa = PBXBuildFile; fileRef = 2534F7032C292885009BED6C /* PlanProfitRatioCell.swift */; };
		2534F7062C292A16009BED6C /* PlanManagerCell.swift in Sources */ = {isa = PBXBuildFile; fileRef = 2534F7052C292A16009BED6C /* PlanManagerCell.swift */; };
		2534F7082C29493D009BED6C /* UILable+ps.swift in Sources */ = {isa = PBXBuildFile; fileRef = 2534F7072C29493D009BED6C /* UILable+ps.swift */; };
		2534F70B2C294A0D009BED6C /* PlanHoldingSection.swift in Sources */ = {isa = PBXBuildFile; fileRef = 2534F70A2C294A0D009BED6C /* PlanHoldingSection.swift */; };
		2534F70F2C294A2F009BED6C /* PlanHoldingModel.swift in Sources */ = {isa = PBXBuildFile; fileRef = 2534F70E2C294A2F009BED6C /* PlanHoldingModel.swift */; };
		2534F7112C294A42009BED6C /* PlanHoldingCell.swift in Sources */ = {isa = PBXBuildFile; fileRef = 2534F7102C294A42009BED6C /* PlanHoldingCell.swift */; };
		2534F7132C294B77009BED6C /* PlanQACell.swift in Sources */ = {isa = PBXBuildFile; fileRef = 2534F7122C294B77009BED6C /* PlanQACell.swift */; };
		2534F7152C294BE5009BED6C /* PlanTopCommnetsCell.swift in Sources */ = {isa = PBXBuildFile; fileRef = 2534F7142C294BE5009BED6C /* PlanTopCommnetsCell.swift */; };
		2534F7442C294EF0009BED6C /* PlanTpye2ViewController.swift in Sources */ = {isa = PBXBuildFile; fileRef = 2534F7422C294EF0009BED6C /* PlanTpye2ViewController.swift */; };
		2534F7452C294EF0009BED6C /* PlanType2TableVM.swift in Sources */ = {isa = PBXBuildFile; fileRef = 2534F7432C294EF0009BED6C /* PlanType2TableVM.swift */; };
		2534F7652C2950B7009BED6C /* PlanType1GrowthCell.swift in Sources */ = {isa = PBXBuildFile; fileRef = 2534F74C2C2950B7009BED6C /* PlanType1GrowthCell.swift */; };
		2534F7662C2950B7009BED6C /* PlanType1GrowthModel.swift in Sources */ = {isa = PBXBuildFile; fileRef = 2534F74E2C2950B7009BED6C /* PlanType1GrowthModel.swift */; };
		2534F7672C2950B7009BED6C /* PlanType1GrowthSection.swift in Sources */ = {isa = PBXBuildFile; fileRef = 2534F7502C2950B7009BED6C /* PlanType1GrowthSection.swift */; };
		2534F7682C2950B7009BED6C /* PlanType1HeaderCell.swift in Sources */ = {isa = PBXBuildFile; fileRef = 2534F7522C2950B7009BED6C /* PlanType1HeaderCell.swift */; };
		2534F7692C2950B7009BED6C /* PlanType1HeaderModel.swift in Sources */ = {isa = PBXBuildFile; fileRef = 2534F7542C2950B7009BED6C /* PlanType1HeaderModel.swift */; };
		2534F76A2C2950B7009BED6C /* PlanType1HeaderSection.swift in Sources */ = {isa = PBXBuildFile; fileRef = 2534F7562C2950B7009BED6C /* PlanType1HeaderSection.swift */; };
		2534F76B2C2950B7009BED6C /* PlanType1IntroduceCell.swift in Sources */ = {isa = PBXBuildFile; fileRef = 2534F7582C2950B7009BED6C /* PlanType1IntroduceCell.swift */; };
		2534F76C2C2950B7009BED6C /* PlanType1IntroduceModel.swift in Sources */ = {isa = PBXBuildFile; fileRef = 2534F75A2C2950B7009BED6C /* PlanType1IntroduceModel.swift */; };
		2534F76D2C2950B7009BED6C /* PlanType1IntroduceSection.swift in Sources */ = {isa = PBXBuildFile; fileRef = 2534F75C2C2950B7009BED6C /* PlanType1IntroduceSection.swift */; };
		2534F76E2C2950B7009BED6C /* PlanType1NewPlanCell.swift in Sources */ = {isa = PBXBuildFile; fileRef = 2534F75E2C2950B7009BED6C /* PlanType1NewPlanCell.swift */; };
		2534F76F2C2950B7009BED6C /* PlanType1NewPlanModel.swift in Sources */ = {isa = PBXBuildFile; fileRef = 2534F7602C2950B7009BED6C /* PlanType1NewPlanModel.swift */; };
		2534F7702C2950B7009BED6C /* PlanType1NewPlanSection.swift in Sources */ = {isa = PBXBuildFile; fileRef = 2534F7622C2950B7009BED6C /* PlanType1NewPlanSection.swift */; };
		2534F7842C295129009BED6C /* PlanType2GrowthCell.swift in Sources */ = {isa = PBXBuildFile; fileRef = 2534F7712C295129009BED6C /* PlanType2GrowthCell.swift */; };
		2534F7852C295129009BED6C /* PlanType2GrowthModel.swift in Sources */ = {isa = PBXBuildFile; fileRef = 2534F7732C295129009BED6C /* PlanType2GrowthModel.swift */; };
		2534F7862C295129009BED6C /* PlanType2GrowthSection.swift in Sources */ = {isa = PBXBuildFile; fileRef = 2534F7752C295129009BED6C /* PlanType2GrowthSection.swift */; };
		2534F78A2C295129009BED6C /* PlanType2NewPlanCell.swift in Sources */ = {isa = PBXBuildFile; fileRef = 2534F77D2C295129009BED6C /* PlanType2NewPlanCell.swift */; };
		2534F78B2C295129009BED6C /* PlanType2NewPlanModel.swift in Sources */ = {isa = PBXBuildFile; fileRef = 2534F77F2C295129009BED6C /* PlanType2NewPlanModel.swift */; };
		2534F78C2C295129009BED6C /* PlanType2NewPlanSection.swift in Sources */ = {isa = PBXBuildFile; fileRef = 2534F7812C295129009BED6C /* PlanType2NewPlanSection.swift */; };
		2534F7932C295187009BED6C /* PlanType2HeaderCell.swift in Sources */ = {isa = PBXBuildFile; fileRef = 2534F78D2C295187009BED6C /* PlanType2HeaderCell.swift */; };
		2534F7942C295187009BED6C /* PlanType2HeaderModel.swift in Sources */ = {isa = PBXBuildFile; fileRef = 2534F78F2C295187009BED6C /* PlanType2HeaderModel.swift */; };
		2534F7952C295187009BED6C /* PlanType2HeaderSection.swift in Sources */ = {isa = PBXBuildFile; fileRef = 2534F7912C295187009BED6C /* PlanType2HeaderSection.swift */; };
		2534F7982C29534A009BED6C /* PlanType2YieldSection.swift in Sources */ = {isa = PBXBuildFile; fileRef = 2534F7972C29534A009BED6C /* PlanType2YieldSection.swift */; };
		2534F79B2C295356009BED6C /* PlanType2YieldModel.swift in Sources */ = {isa = PBXBuildFile; fileRef = 2534F79A2C295356009BED6C /* PlanType2YieldModel.swift */; };
		2534F79E2C295362009BED6C /* PlanType2YieldCell.swift in Sources */ = {isa = PBXBuildFile; fileRef = 2534F79D2C295362009BED6C /* PlanType2YieldCell.swift */; };
		2534F7A52C295866009BED6C /* PlanType2ConfigCell.swift in Sources */ = {isa = PBXBuildFile; fileRef = 2534F79F2C295866009BED6C /* PlanType2ConfigCell.swift */; };
		2534F7A62C295866009BED6C /* PlanType2ConfigModel.swift in Sources */ = {isa = PBXBuildFile; fileRef = 2534F7A12C295866009BED6C /* PlanType2ConfigModel.swift */; };
		2534F7A72C295866009BED6C /* PlanType2ConfigSection.swift in Sources */ = {isa = PBXBuildFile; fileRef = 2534F7A32C295866009BED6C /* PlanType2ConfigSection.swift */; };
		2534F7B02C2980DB009BED6C /* ClosableSection.swift in Sources */ = {isa = PBXBuildFile; fileRef = 2534F7AF2C2980DB009BED6C /* ClosableSection.swift */; };
		2534F7B32C298179009BED6C /* ClosableCell.swift in Sources */ = {isa = PBXBuildFile; fileRef = 2534F7B22C298179009BED6C /* ClosableCell.swift */; };
		2534F7B52C2981FA009BED6C /* UIView+Ext.swift in Sources */ = {isa = PBXBuildFile; fileRef = 2534F7B42C2981FA009BED6C /* UIView+Ext.swift */; };
		2534F7B72C29AFA1009BED6C /* DemoDetailViewController.swift in Sources */ = {isa = PBXBuildFile; fileRef = 2534F7B62C29AFA1009BED6C /* DemoDetailViewController.swift */; };
		2534FCB82C2CC4A4009BED6C /* PullDownStretchable.swift in Sources */ = {isa = PBXBuildFile; fileRef = 2534FCB72C2CC4A4009BED6C /* PullDownStretchable.swift */; };
		255E11132C270E4B00CC69B0 /* PlanTpye1ViewController.swift in Sources */ = {isa = PBXBuildFile; fileRef = 255E11122C270E4B00CC69B0 /* PlanTpye1ViewController.swift */; };
		255E11252C27835800CC69B0 /* DemoImageCell.swift in Sources */ = {isa = PBXBuildFile; fileRef = 255E11242C27835800CC69B0 /* DemoImageCell.swift */; };
		255E11392C27EBED00CC69B0 /* PlanType1TableVM.swift in Sources */ = {isa = PBXBuildFile; fileRef = 255E11382C27EBED00CC69B0 /* PlanType1TableVM.swift */; };
		255E11412C28304B00CC69B0 /* SectionLoaderType.swift in Sources */ = {isa = PBXBuildFile; fileRef = 255E11402C28304B00CC69B0 /* SectionLoaderType.swift */; };
		255E11432C28308C00CC69B0 /* Constant.swift in Sources */ = {isa = PBXBuildFile; fileRef = 255E11422C28308C00CC69B0 /* Constant.swift */; };
		258E49012C28337F00AC9613 /* BaseCell.swift in Sources */ = {isa = PBXBuildFile; fileRef = 258E48FE2C28337F00AC9613 /* BaseCell.swift */; };
		258E49022C28337F00AC9613 /* BaseView.swift in Sources */ = {isa = PBXBuildFile; fileRef = 258E48FF2C28337F00AC9613 /* BaseView.swift */; };
		258E49032C28337F00AC9613 /* BaseCardCell.swift in Sources */ = {isa = PBXBuildFile; fileRef = 258E49002C28337F00AC9613 /* BaseCardCell.swift */; };
		258E49062C28339600AC9613 /* NameSpace.swift in Sources */ = {isa = PBXBuildFile; fileRef = 258E49042C28339600AC9613 /* NameSpace.swift */; };
		258E49072C28339600AC9613 /* UITableView+reuse.swift in Sources */ = {isa = PBXBuildFile; fileRef = 258E49052C28339600AC9613 /* UITableView+reuse.swift */; };
		258E49272C2916E900AC9613 /* PlanBaseModel.swift in Sources */ = {isa = PBXBuildFile; fileRef = 258E49262C2916E900AC9613 /* PlanBaseModel.swift */; };
		258E49292C29175300AC9613 /* PlanDemoBaseCell.swift in Sources */ = {isa = PBXBuildFile; fileRef = 258E49282C29175300AC9613 /* PlanDemoBaseCell.swift */; };
		258E492B2C29196500AC9613 /* PlanTopCommentsSection.swift in Sources */ = {isa = PBXBuildFile; fileRef = 258E492A2C29196500AC9613 /* PlanTopCommentsSection.swift */; };
		258E492D2C29197400AC9613 /* PlanQASection.swift in Sources */ = {isa = PBXBuildFile; fileRef = 258E492C2C29197400AC9613 /* PlanQASection.swift */; };
		258E492F2C29198800AC9613 /* PlanManagerSection.swift in Sources */ = {isa = PBXBuildFile; fileRef = 258E492E2C29198800AC9613 /* PlanManagerSection.swift */; };
		258E49312C29199800AC9613 /* PlanProfitRatioSection.swift in Sources */ = {isa = PBXBuildFile; fileRef = 258E49302C29199800AC9613 /* PlanProfitRatioSection.swift */; };
		258E49332C2919A400AC9613 /* PlanNoticeSection.swift in Sources */ = {isa = PBXBuildFile; fileRef = 258E49322C2919A400AC9613 /* PlanNoticeSection.swift */; };
		258E493F2C291A6E00AC9613 /* PlanTopCommentsModel.swift in Sources */ = {isa = PBXBuildFile; fileRef = 258E493E2C291A6E00AC9613 /* PlanTopCommentsModel.swift */; };
		258E49412C291A9F00AC9613 /* PlanQAModel.swift in Sources */ = {isa = PBXBuildFile; fileRef = 258E49402C291A9F00AC9613 /* PlanQAModel.swift */; };
		258E49432C291AC900AC9613 /* PlanManagerModel.swift in Sources */ = {isa = PBXBuildFile; fileRef = 258E49422C291AC900AC9613 /* PlanManagerModel.swift */; };
		258E49452C291AEB00AC9613 /* PlanProfitRatioModel.swift in Sources */ = {isa = PBXBuildFile; fileRef = 258E49442C291AEB00AC9613 /* PlanProfitRatioModel.swift */; };
		258E49472C291B0D00AC9613 /* PlanNoticeModel.swift in Sources */ = {isa = PBXBuildFile; fileRef = 258E49462C291B0D00AC9613 /* PlanNoticeModel.swift */; };
		258E49492C291B9600AC9613 /* PlanNoticeCell.swift in Sources */ = {isa = PBXBuildFile; fileRef = 258E49482C291B9600AC9613 /* PlanNoticeCell.swift */; };
		258E494B2C291C0900AC9613 /* PlanConstant.swift in Sources */ = {isa = PBXBuildFile; fileRef = 258E494A2C291C0900AC9613 /* PlanConstant.swift */; };
		258E494D2C291D4200AC9613 /* Netowrk.swift in Sources */ = {isa = PBXBuildFile; fileRef = 258E494C2C291D4200AC9613 /* Netowrk.swift */; };
		258E494F2C29204C00AC9613 /* Optional+Ext.swift in Sources */ = {isa = PBXBuildFile; fileRef = 258E494E2C29204B00AC9613 /* Optional+Ext.swift */; };
		3845E3ADE71644BA8684645C /* Pods_TableViewSections_Example.framework in Frameworks */ = {isa = PBXBuildFile; fileRef = 257F94854C62A58243137F4B /* Pods_TableViewSections_Example.framework */; };
		607FACD61AFB9204008FA782 /* AppDelegate.swift in Sources */ = {isa = PBXBuildFile; fileRef = 607FACD51AFB9204008FA782 /* AppDelegate.swift */; };
		607FACD81AFB9204008FA782 /* ViewController.swift in Sources */ = {isa = PBXBuildFile; fileRef = 607FACD71AFB9204008FA782 /* ViewController.swift */; };
		607FACDB1AFB9204008FA782 /* Main.storyboard in Resources */ = {isa = PBXBuildFile; fileRef = 607FACD91AFB9204008FA782 /* Main.storyboard */; };
		607FACDD1AFB9204008FA782 /* Images.xcassets in Resources */ = {isa = PBXBuildFile; fileRef = 607FACDC1AFB9204008FA782 /* Images.xcassets */; };
		607FACE01AFB9204008FA782 /* LaunchScreen.xib in Resources */ = {isa = PBXBuildFile; fileRef = 607FACDE1AFB9204008FA782 /* LaunchScreen.xib */; };
		607FACEC1AFB9204008FA782 /* Tests.swift in Sources */ = {isa = PBXBuildFile; fileRef = 607FACEB1AFB9204008FA782 /* Tests.swift */; };
/* End PBXBuildFile section */

/* Begin PBXContainerItemProxy section */
		607FACE61AFB9204008FA782 /* PBXContainerItemProxy */ = {
			isa = PBXContainerItemProxy;
			containerPortal = 607FACC81AFB9204008FA782 /* Project object */;
			proxyType = 1;
			remoteGlobalIDString = 607FACCF1AFB9204008FA782;
			remoteInfo = TableViewSections;
		};
/* End PBXContainerItemProxy section */

/* Begin PBXFileReference section */
		12417AA26DD51E489121A335 /* LICENSE */ = {isa = PBXFileReference; includeInIndex = 1; lastKnownFileType = text; name = LICENSE; path = ../LICENSE; sourceTree = "<group>"; };
		17AEF57E7F003667FAE76B8F /* README.md */ = {isa = PBXFileReference; includeInIndex = 1; lastKnownFileType = net.daringfireball.markdown; name = README.md; path = ../README.md; sourceTree = "<group>"; };
		2534F7032C292885009BED6C /* PlanProfitRatioCell.swift */ = {isa = PBXFileReference; lastKnownFileType = sourcecode.swift; path = PlanProfitRatioCell.swift; sourceTree = "<group>"; };
		2534F7052C292A16009BED6C /* PlanManagerCell.swift */ = {isa = PBXFileReference; lastKnownFileType = sourcecode.swift; path = PlanManagerCell.swift; sourceTree = "<group>"; };
		2534F7072C29493D009BED6C /* UILable+ps.swift */ = {isa = PBXFileReference; fileEncoding = 4; lastKnownFileType = sourcecode.swift; path = "UILable+ps.swift"; sourceTree = "<group>"; };
		2534F70A2C294A0D009BED6C /* PlanHoldingSection.swift */ = {isa = PBXFileReference; lastKnownFileType = sourcecode.swift; path = PlanHoldingSection.swift; sourceTree = "<group>"; };
		2534F70E2C294A2F009BED6C /* PlanHoldingModel.swift */ = {isa = PBXFileReference; lastKnownFileType = sourcecode.swift; path = PlanHoldingModel.swift; sourceTree = "<group>"; };
		2534F7102C294A42009BED6C /* PlanHoldingCell.swift */ = {isa = PBXFileReference; lastKnownFileType = sourcecode.swift; path = PlanHoldingCell.swift; sourceTree = "<group>"; };
		2534F7122C294B77009BED6C /* PlanQACell.swift */ = {isa = PBXFileReference; lastKnownFileType = sourcecode.swift; path = PlanQACell.swift; sourceTree = "<group>"; };
		2534F7142C294BE5009BED6C /* PlanTopCommnetsCell.swift */ = {isa = PBXFileReference; lastKnownFileType = sourcecode.swift; path = PlanTopCommnetsCell.swift; sourceTree = "<group>"; };
		2534F7422C294EF0009BED6C /* PlanTpye2ViewController.swift */ = {isa = PBXFileReference; fileEncoding = 4; lastKnownFileType = sourcecode.swift; path = PlanTpye2ViewController.swift; sourceTree = "<group>"; };
		2534F7432C294EF0009BED6C /* PlanType2TableVM.swift */ = {isa = PBXFileReference; fileEncoding = 4; lastKnownFileType = sourcecode.swift; path = PlanType2TableVM.swift; sourceTree = "<group>"; };
		2534F74C2C2950B7009BED6C /* PlanType1GrowthCell.swift */ = {isa = PBXFileReference; fileEncoding = 4; lastKnownFileType = sourcecode.swift; path = PlanType1GrowthCell.swift; sourceTree = "<group>"; };
		2534F74E2C2950B7009BED6C /* PlanType1GrowthModel.swift */ = {isa = PBXFileReference; fileEncoding = 4; lastKnownFileType = sourcecode.swift; path = PlanType1GrowthModel.swift; sourceTree = "<group>"; };
		2534F7502C2950B7009BED6C /* PlanType1GrowthSection.swift */ = {isa = PBXFileReference; fileEncoding = 4; lastKnownFileType = sourcecode.swift; path = PlanType1GrowthSection.swift; sourceTree = "<group>"; };
		2534F7522C2950B7009BED6C /* PlanType1HeaderCell.swift */ = {isa = PBXFileReference; fileEncoding = 4; lastKnownFileType = sourcecode.swift; path = PlanType1HeaderCell.swift; sourceTree = "<group>"; };
		2534F7542C2950B7009BED6C /* PlanType1HeaderModel.swift */ = {isa = PBXFileReference; fileEncoding = 4; lastKnownFileType = sourcecode.swift; path = PlanType1HeaderModel.swift; sourceTree = "<group>"; };
		2534F7562C2950B7009BED6C /* PlanType1HeaderSection.swift */ = {isa = PBXFileReference; fileEncoding = 4; lastKnownFileType = sourcecode.swift; path = PlanType1HeaderSection.swift; sourceTree = "<group>"; };
		2534F7582C2950B7009BED6C /* PlanType1IntroduceCell.swift */ = {isa = PBXFileReference; fileEncoding = 4; lastKnownFileType = sourcecode.swift; path = PlanType1IntroduceCell.swift; sourceTree = "<group>"; };
		2534F75A2C2950B7009BED6C /* PlanType1IntroduceModel.swift */ = {isa = PBXFileReference; fileEncoding = 4; lastKnownFileType = sourcecode.swift; path = PlanType1IntroduceModel.swift; sourceTree = "<group>"; };
		2534F75C2C2950B7009BED6C /* PlanType1IntroduceSection.swift */ = {isa = PBXFileReference; fileEncoding = 4; lastKnownFileType = sourcecode.swift; path = PlanType1IntroduceSection.swift; sourceTree = "<group>"; };
		2534F75E2C2950B7009BED6C /* PlanType1NewPlanCell.swift */ = {isa = PBXFileReference; fileEncoding = 4; lastKnownFileType = sourcecode.swift; path = PlanType1NewPlanCell.swift; sourceTree = "<group>"; };
		2534F7602C2950B7009BED6C /* PlanType1NewPlanModel.swift */ = {isa = PBXFileReference; fileEncoding = 4; lastKnownFileType = sourcecode.swift; path = PlanType1NewPlanModel.swift; sourceTree = "<group>"; };
		2534F7622C2950B7009BED6C /* PlanType1NewPlanSection.swift */ = {isa = PBXFileReference; fileEncoding = 4; lastKnownFileType = sourcecode.swift; path = PlanType1NewPlanSection.swift; sourceTree = "<group>"; };
		2534F7712C295129009BED6C /* PlanType2GrowthCell.swift */ = {isa = PBXFileReference; fileEncoding = 4; lastKnownFileType = sourcecode.swift; path = PlanType2GrowthCell.swift; sourceTree = "<group>"; };
		2534F7732C295129009BED6C /* PlanType2GrowthModel.swift */ = {isa = PBXFileReference; fileEncoding = 4; lastKnownFileType = sourcecode.swift; path = PlanType2GrowthModel.swift; sourceTree = "<group>"; };
		2534F7752C295129009BED6C /* PlanType2GrowthSection.swift */ = {isa = PBXFileReference; fileEncoding = 4; lastKnownFileType = sourcecode.swift; path = PlanType2GrowthSection.swift; sourceTree = "<group>"; };
		2534F77D2C295129009BED6C /* PlanType2NewPlanCell.swift */ = {isa = PBXFileReference; fileEncoding = 4; lastKnownFileType = sourcecode.swift; path = PlanType2NewPlanCell.swift; sourceTree = "<group>"; };
		2534F77F2C295129009BED6C /* PlanType2NewPlanModel.swift */ = {isa = PBXFileReference; fileEncoding = 4; lastKnownFileType = sourcecode.swift; path = PlanType2NewPlanModel.swift; sourceTree = "<group>"; };
		2534F7812C295129009BED6C /* PlanType2NewPlanSection.swift */ = {isa = PBXFileReference; fileEncoding = 4; lastKnownFileType = sourcecode.swift; path = PlanType2NewPlanSection.swift; sourceTree = "<group>"; };
		2534F78D2C295187009BED6C /* PlanType2HeaderCell.swift */ = {isa = PBXFileReference; fileEncoding = 4; lastKnownFileType = sourcecode.swift; path = PlanType2HeaderCell.swift; sourceTree = "<group>"; };
		2534F78F2C295187009BED6C /* PlanType2HeaderModel.swift */ = {isa = PBXFileReference; fileEncoding = 4; lastKnownFileType = sourcecode.swift; path = PlanType2HeaderModel.swift; sourceTree = "<group>"; };
		2534F7912C295187009BED6C /* PlanType2HeaderSection.swift */ = {isa = PBXFileReference; fileEncoding = 4; lastKnownFileType = sourcecode.swift; path = PlanType2HeaderSection.swift; sourceTree = "<group>"; };
		2534F7972C29534A009BED6C /* PlanType2YieldSection.swift */ = {isa = PBXFileReference; lastKnownFileType = sourcecode.swift; path = PlanType2YieldSection.swift; sourceTree = "<group>"; };
		2534F79A2C295356009BED6C /* PlanType2YieldModel.swift */ = {isa = PBXFileReference; lastKnownFileType = sourcecode.swift; path = PlanType2YieldModel.swift; sourceTree = "<group>"; };
		2534F79D2C295362009BED6C /* PlanType2YieldCell.swift */ = {isa = PBXFileReference; lastKnownFileType = sourcecode.swift; path = PlanType2YieldCell.swift; sourceTree = "<group>"; };
		2534F79F2C295866009BED6C /* PlanType2ConfigCell.swift */ = {isa = PBXFileReference; fileEncoding = 4; lastKnownFileType = sourcecode.swift; path = PlanType2ConfigCell.swift; sourceTree = "<group>"; };
		2534F7A12C295866009BED6C /* PlanType2ConfigModel.swift */ = {isa = PBXFileReference; fileEncoding = 4; lastKnownFileType = sourcecode.swift; path = PlanType2ConfigModel.swift; sourceTree = "<group>"; };
		2534F7A32C295866009BED6C /* PlanType2ConfigSection.swift */ = {isa = PBXFileReference; fileEncoding = 4; lastKnownFileType = sourcecode.swift; path = PlanType2ConfigSection.swift; sourceTree = "<group>"; };
		2534F7AF2C2980DB009BED6C /* ClosableSection.swift */ = {isa = PBXFileReference; lastKnownFileType = sourcecode.swift; path = ClosableSection.swift; sourceTree = "<group>"; };
		2534F7B22C298179009BED6C /* ClosableCell.swift */ = {isa = PBXFileReference; lastKnownFileType = sourcecode.swift; path = ClosableCell.swift; sourceTree = "<group>"; };
		2534F7B42C2981FA009BED6C /* UIView+Ext.swift */ = {isa = PBXFileReference; lastKnownFileType = sourcecode.swift; path = "UIView+Ext.swift"; sourceTree = "<group>"; };
		2534F7B62C29AFA1009BED6C /* DemoDetailViewController.swift */ = {isa = PBXFileReference; lastKnownFileType = sourcecode.swift; path = DemoDetailViewController.swift; sourceTree = "<group>"; };
		2534FCB72C2CC4A4009BED6C /* PullDownStretchable.swift */ = {isa = PBXFileReference; lastKnownFileType = sourcecode.swift; path = PullDownStretchable.swift; sourceTree = "<group>"; };
		255E11122C270E4B00CC69B0 /* PlanTpye1ViewController.swift */ = {isa = PBXFileReference; lastKnownFileType = sourcecode.swift; path = PlanTpye1ViewController.swift; sourceTree = "<group>"; };
		255E11242C27835800CC69B0 /* DemoImageCell.swift */ = {isa = PBXFileReference; lastKnownFileType = sourcecode.swift; path = DemoImageCell.swift; sourceTree = "<group>"; };
		255E11382C27EBED00CC69B0 /* PlanType1TableVM.swift */ = {isa = PBXFileReference; lastKnownFileType = sourcecode.swift; path = PlanType1TableVM.swift; sourceTree = "<group>"; };
		255E11402C28304B00CC69B0 /* SectionLoaderType.swift */ = {isa = PBXFileReference; lastKnownFileType = sourcecode.swift; path = SectionLoaderType.swift; sourceTree = "<group>"; };
		255E11422C28308C00CC69B0 /* Constant.swift */ = {isa = PBXFileReference; lastKnownFileType = sourcecode.swift; path = Constant.swift; sourceTree = "<group>"; };
		255E11452C2831DA00CC69B0 /* SimpleEmptyView.swift */ = {isa = PBXFileReference; lastKnownFileType = sourcecode.swift; path = SimpleEmptyView.swift; sourceTree = "<group>"; };
		257F94854C62A58243137F4B /* Pods_TableViewSections_Example.framework */ = {isa = PBXFileReference; explicitFileType = wrapper.framework; includeInIndex = 0; path = Pods_TableViewSections_Example.framework; sourceTree = BUILT_PRODUCTS_DIR; };
		258E48FE2C28337F00AC9613 /* BaseCell.swift */ = {isa = PBXFileReference; fileEncoding = 4; lastKnownFileType = sourcecode.swift; path = BaseCell.swift; sourceTree = "<group>"; };
		258E48FF2C28337F00AC9613 /* BaseView.swift */ = {isa = PBXFileReference; fileEncoding = 4; lastKnownFileType = sourcecode.swift; path = BaseView.swift; sourceTree = "<group>"; };
		258E49002C28337F00AC9613 /* BaseCardCell.swift */ = {isa = PBXFileReference; fileEncoding = 4; lastKnownFileType = sourcecode.swift; path = BaseCardCell.swift; sourceTree = "<group>"; };
		258E49042C28339600AC9613 /* NameSpace.swift */ = {isa = PBXFileReference; fileEncoding = 4; lastKnownFileType = sourcecode.swift; path = NameSpace.swift; sourceTree = "<group>"; };
		258E49052C28339600AC9613 /* UITableView+reuse.swift */ = {isa = PBXFileReference; fileEncoding = 4; lastKnownFileType = sourcecode.swift; path = "UITableView+reuse.swift"; sourceTree = "<group>"; };
		258E49262C2916E900AC9613 /* PlanBaseModel.swift */ = {isa = PBXFileReference; lastKnownFileType = sourcecode.swift; path = PlanBaseModel.swift; sourceTree = "<group>"; };
		258E49282C29175300AC9613 /* PlanDemoBaseCell.swift */ = {isa = PBXFileReference; lastKnownFileType = sourcecode.swift; path = PlanDemoBaseCell.swift; sourceTree = "<group>"; };
		258E492A2C29196500AC9613 /* PlanTopCommentsSection.swift */ = {isa = PBXFileReference; lastKnownFileType = sourcecode.swift; path = PlanTopCommentsSection.swift; sourceTree = "<group>"; };
		258E492C2C29197400AC9613 /* PlanQASection.swift */ = {isa = PBXFileReference; lastKnownFileType = sourcecode.swift; path = PlanQASection.swift; sourceTree = "<group>"; };
		258E492E2C29198800AC9613 /* PlanManagerSection.swift */ = {isa = PBXFileReference; lastKnownFileType = sourcecode.swift; path = PlanManagerSection.swift; sourceTree = "<group>"; };
		258E49302C29199800AC9613 /* PlanProfitRatioSection.swift */ = {isa = PBXFileReference; lastKnownFileType = sourcecode.swift; path = PlanProfitRatioSection.swift; sourceTree = "<group>"; };
		258E49322C2919A400AC9613 /* PlanNoticeSection.swift */ = {isa = PBXFileReference; lastKnownFileType = sourcecode.swift; path = PlanNoticeSection.swift; sourceTree = "<group>"; };
		258E493E2C291A6E00AC9613 /* PlanTopCommentsModel.swift */ = {isa = PBXFileReference; lastKnownFileType = sourcecode.swift; path = PlanTopCommentsModel.swift; sourceTree = "<group>"; };
		258E49402C291A9F00AC9613 /* PlanQAModel.swift */ = {isa = PBXFileReference; lastKnownFileType = sourcecode.swift; path = PlanQAModel.swift; sourceTree = "<group>"; };
		258E49422C291AC900AC9613 /* PlanManagerModel.swift */ = {isa = PBXFileReference; lastKnownFileType = sourcecode.swift; path = PlanManagerModel.swift; sourceTree = "<group>"; };
		258E49442C291AEB00AC9613 /* PlanProfitRatioModel.swift */ = {isa = PBXFileReference; lastKnownFileType = sourcecode.swift; path = PlanProfitRatioModel.swift; sourceTree = "<group>"; };
		258E49462C291B0D00AC9613 /* PlanNoticeModel.swift */ = {isa = PBXFileReference; lastKnownFileType = sourcecode.swift; path = PlanNoticeModel.swift; sourceTree = "<group>"; };
		258E49482C291B9600AC9613 /* PlanNoticeCell.swift */ = {isa = PBXFileReference; lastKnownFileType = sourcecode.swift; path = PlanNoticeCell.swift; sourceTree = "<group>"; };
		258E494A2C291C0900AC9613 /* PlanConstant.swift */ = {isa = PBXFileReference; lastKnownFileType = sourcecode.swift; path = PlanConstant.swift; sourceTree = "<group>"; };
		258E494C2C291D4200AC9613 /* Netowrk.swift */ = {isa = PBXFileReference; lastKnownFileType = sourcecode.swift; path = Netowrk.swift; sourceTree = "<group>"; };
		258E494E2C29204B00AC9613 /* Optional+Ext.swift */ = {isa = PBXFileReference; lastKnownFileType = sourcecode.swift; path = "Optional+Ext.swift"; sourceTree = "<group>"; };
		285087E9B2E92002B5694F94 /* Pods-TableViewSections_Example.debug.xcconfig */ = {isa = PBXFileReference; includeInIndex = 1; lastKnownFileType = text.xcconfig; name = "Pods-TableViewSections_Example.debug.xcconfig"; path = "Target Support Files/Pods-TableViewSections_Example/Pods-TableViewSections_Example.debug.xcconfig"; sourceTree = "<group>"; };
		607FACD01AFB9204008FA782 /* TableViewSections_Example.app */ = {isa = PBXFileReference; explicitFileType = wrapper.application; includeInIndex = 0; path = TableViewSections_Example.app; sourceTree = BUILT_PRODUCTS_DIR; };
		607FACD41AFB9204008FA782 /* Info.plist */ = {isa = PBXFileReference; lastKnownFileType = text.plist.xml; path = Info.plist; sourceTree = "<group>"; };
		607FACD51AFB9204008FA782 /* AppDelegate.swift */ = {isa = PBXFileReference; lastKnownFileType = sourcecode.swift; path = AppDelegate.swift; sourceTree = "<group>"; };
		607FACD71AFB9204008FA782 /* ViewController.swift */ = {isa = PBXFileReference; lastKnownFileType = sourcecode.swift; path = ViewController.swift; sourceTree = "<group>"; };
		607FACDA1AFB9204008FA782 /* Base */ = {isa = PBXFileReference; lastKnownFileType = file.storyboard; name = Base; path = Base.lproj/Main.storyboard; sourceTree = "<group>"; };
		607FACDC1AFB9204008FA782 /* Images.xcassets */ = {isa = PBXFileReference; lastKnownFileType = folder.assetcatalog; path = Images.xcassets; sourceTree = "<group>"; };
		607FACDF1AFB9204008FA782 /* Base */ = {isa = PBXFileReference; lastKnownFileType = file.xib; name = Base; path = Base.lproj/LaunchScreen.xib; sourceTree = "<group>"; };
		607FACE51AFB9204008FA782 /* TableViewSections_Tests.xctest */ = {isa = PBXFileReference; explicitFileType = wrapper.cfbundle; includeInIndex = 0; path = TableViewSections_Tests.xctest; sourceTree = BUILT_PRODUCTS_DIR; };
		607FACEA1AFB9204008FA782 /* Info.plist */ = {isa = PBXFileReference; lastKnownFileType = text.plist.xml; path = Info.plist; sourceTree = "<group>"; };
		607FACEB1AFB9204008FA782 /* Tests.swift */ = {isa = PBXFileReference; lastKnownFileType = sourcecode.swift; path = Tests.swift; sourceTree = "<group>"; };
		659F4E286186ECB96450D359 /* TableViewSections.podspec */ = {isa = PBXFileReference; includeInIndex = 1; lastKnownFileType = text; name = TableViewSections.podspec; path = ../TableViewSections.podspec; sourceTree = "<group>"; };
		CB6DC954ACC3E0BA3120B7D8 /* Pods-TableViewSections_Tests.release.xcconfig */ = {isa = PBXFileReference; includeInIndex = 1; lastKnownFileType = text.xcconfig; name = "Pods-TableViewSections_Tests.release.xcconfig"; path = "Target Support Files/Pods-TableViewSections_Tests/Pods-TableViewSections_Tests.release.xcconfig"; sourceTree = "<group>"; };
		E66482E1587AEB4021EAD5EC /* Pods_TableViewSections_Tests.framework */ = {isa = PBXFileReference; explicitFileType = wrapper.framework; includeInIndex = 0; path = Pods_TableViewSections_Tests.framework; sourceTree = BUILT_PRODUCTS_DIR; };
		E8D6AC616D4943C52A872654 /* Pods-TableViewSections_Example.release.xcconfig */ = {isa = PBXFileReference; includeInIndex = 1; lastKnownFileType = text.xcconfig; name = "Pods-TableViewSections_Example.release.xcconfig"; path = "Target Support Files/Pods-TableViewSections_Example/Pods-TableViewSections_Example.release.xcconfig"; sourceTree = "<group>"; };
		EAF3756BC3A80A8E307C738E /* Pods-TableViewSections_Tests.debug.xcconfig */ = {isa = PBXFileReference; includeInIndex = 1; lastKnownFileType = text.xcconfig; name = "Pods-TableViewSections_Tests.debug.xcconfig"; path = "Target Support Files/Pods-TableViewSections_Tests/Pods-TableViewSections_Tests.debug.xcconfig"; sourceTree = "<group>"; };
/* End PBXFileReference section */

/* Begin PBXFrameworksBuildPhase section */
		607FACCD1AFB9204008FA782 /* Frameworks */ = {
			isa = PBXFrameworksBuildPhase;
			buildActionMask = 2147483647;
			files = (
				3845E3ADE71644BA8684645C /* Pods_TableViewSections_Example.framework in Frameworks */,
			);
			runOnlyForDeploymentPostprocessing = 0;
		};
		607FACE21AFB9204008FA782 /* Frameworks */ = {
			isa = PBXFrameworksBuildPhase;
			buildActionMask = 2147483647;
			files = (
				19CE0C1C1A91218212D64C5A /* Pods_TableViewSections_Tests.framework in Frameworks */,
			);
			runOnlyForDeploymentPostprocessing = 0;
		};
/* End PBXFrameworksBuildPhase section */

/* Begin PBXGroup section */
		0701553E7571968F5B8A854B /* Frameworks */ = {
			isa = PBXGroup;
			children = (
				257F94854C62A58243137F4B /* Pods_TableViewSections_Example.framework */,
				E66482E1587AEB4021EAD5EC /* Pods_TableViewSections_Tests.framework */,
			);
			name = Frameworks;
			sourceTree = "<group>";
		};
		2534F7092C2949FD009BED6C /* HoldingSection */ = {
			isa = PBXGroup;
			children = (
				2534F70D2C294A13009BED6C /* Model */,
				2534F70C2C294A10009BED6C /* Cell */,
				2534F70A2C294A0D009BED6C /* PlanHoldingSection.swift */,
			);
			path = HoldingSection;
			sourceTree = "<group>";
		};
		2534F70C2C294A10009BED6C /* Cell */ = {
			isa = PBXGroup;
			children = (
				2534F7102C294A42009BED6C /* PlanHoldingCell.swift */,
			);
			path = Cell;
			sourceTree = "<group>";
		};
		2534F70D2C294A13009BED6C /* Model */ = {
			isa = PBXGroup;
			children = (
				2534F70E2C294A2F009BED6C /* PlanHoldingModel.swift */,
			);
			path = Model;
			sourceTree = "<group>";
		};
		2534F74D2C2950B7009BED6C /* Cell */ = {
			isa = PBXGroup;
			children = (
				2534F74C2C2950B7009BED6C /* PlanType1GrowthCell.swift */,
			);
			path = Cell;
			sourceTree = "<group>";
		};
		2534F74F2C2950B7009BED6C /* Model */ = {
			isa = PBXGroup;
			children = (
				2534F74E2C2950B7009BED6C /* PlanType1GrowthModel.swift */,
			);
			path = Model;
			sourceTree = "<group>";
		};
		2534F7512C2950B7009BED6C /* GrowthSection */ = {
			isa = PBXGroup;
			children = (
				2534F74D2C2950B7009BED6C /* Cell */,
				2534F74F2C2950B7009BED6C /* Model */,
				2534F7502C2950B7009BED6C /* PlanType1GrowthSection.swift */,
			);
			path = GrowthSection;
			sourceTree = "<group>";
		};
		2534F7532C2950B7009BED6C /* Cell */ = {
			isa = PBXGroup;
			children = (
				2534F7522C2950B7009BED6C /* PlanType1HeaderCell.swift */,
			);
			path = Cell;
			sourceTree = "<group>";
		};
		2534F7552C2950B7009BED6C /* Model */ = {
			isa = PBXGroup;
			children = (
				2534F7542C2950B7009BED6C /* PlanType1HeaderModel.swift */,
			);
			path = Model;
			sourceTree = "<group>";
		};
		2534F7572C2950B7009BED6C /* HeaderSection */ = {
			isa = PBXGroup;
			children = (
				2534F7532C2950B7009BED6C /* Cell */,
				2534F7552C2950B7009BED6C /* Model */,
				2534F7562C2950B7009BED6C /* PlanType1HeaderSection.swift */,
			);
			path = HeaderSection;
			sourceTree = "<group>";
		};
		2534F7592C2950B7009BED6C /* Cell */ = {
			isa = PBXGroup;
			children = (
				2534F7582C2950B7009BED6C /* PlanType1IntroduceCell.swift */,
			);
			path = Cell;
			sourceTree = "<group>";
		};
		2534F75B2C2950B7009BED6C /* Model */ = {
			isa = PBXGroup;
			children = (
				2534F75A2C2950B7009BED6C /* PlanType1IntroduceModel.swift */,
			);
			path = Model;
			sourceTree = "<group>";
		};
		2534F75D2C2950B7009BED6C /* IntroduceSection */ = {
			isa = PBXGroup;
			children = (
				2534F7592C2950B7009BED6C /* Cell */,
				2534F75B2C2950B7009BED6C /* Model */,
				2534F75C2C2950B7009BED6C /* PlanType1IntroduceSection.swift */,
			);
			path = IntroduceSection;
			sourceTree = "<group>";
		};
		2534F75F2C2950B7009BED6C /* Cell */ = {
			isa = PBXGroup;
			children = (
				2534F75E2C2950B7009BED6C /* PlanType1NewPlanCell.swift */,
			);
			path = Cell;
			sourceTree = "<group>";
		};
		2534F7612C2950B7009BED6C /* Model */ = {
			isa = PBXGroup;
			children = (
				2534F7602C2950B7009BED6C /* PlanType1NewPlanModel.swift */,
			);
			path = Model;
			sourceTree = "<group>";
		};
		2534F7632C2950B7009BED6C /* NewPlanSection */ = {
			isa = PBXGroup;
			children = (
				2534F75F2C2950B7009BED6C /* Cell */,
				2534F7612C2950B7009BED6C /* Model */,
				2534F7622C2950B7009BED6C /* PlanType1NewPlanSection.swift */,
			);
			path = NewPlanSection;
			sourceTree = "<group>";
		};
		2534F7642C2950B7009BED6C /* Sections */ = {
			isa = PBXGroup;
			children = (
				2534F7512C2950B7009BED6C /* GrowthSection */,
				2534F7572C2950B7009BED6C /* HeaderSection */,
				2534F75D2C2950B7009BED6C /* IntroduceSection */,
				2534F7632C2950B7009BED6C /* NewPlanSection */,
			);
			path = Sections;
			sourceTree = "<group>";
		};
		2534F7722C295129009BED6C /* Cell */ = {
			isa = PBXGroup;
			children = (
				2534F7712C295129009BED6C /* PlanType2GrowthCell.swift */,
			);
			path = Cell;
			sourceTree = "<group>";
		};
		2534F7742C295129009BED6C /* Model */ = {
			isa = PBXGroup;
			children = (
				2534F7732C295129009BED6C /* PlanType2GrowthModel.swift */,
			);
			path = Model;
			sourceTree = "<group>";
		};
		2534F7762C295129009BED6C /* GrowthSection */ = {
			isa = PBXGroup;
			children = (
				2534F7722C295129009BED6C /* Cell */,
				2534F7742C295129009BED6C /* Model */,
				2534F7752C295129009BED6C /* PlanType2GrowthSection.swift */,
			);
			path = GrowthSection;
			sourceTree = "<group>";
		};
		2534F77E2C295129009BED6C /* Cell */ = {
			isa = PBXGroup;
			children = (
				2534F77D2C295129009BED6C /* PlanType2NewPlanCell.swift */,
			);
			path = Cell;
			sourceTree = "<group>";
		};
		2534F7802C295129009BED6C /* Model */ = {
			isa = PBXGroup;
			children = (
				2534F77F2C295129009BED6C /* PlanType2NewPlanModel.swift */,
			);
			path = Model;
			sourceTree = "<group>";
		};
		2534F7822C295129009BED6C /* NewPlanSection */ = {
			isa = PBXGroup;
			children = (
				2534F77E2C295129009BED6C /* Cell */,
				2534F7802C295129009BED6C /* Model */,
				2534F7812C295129009BED6C /* PlanType2NewPlanSection.swift */,
			);
			path = NewPlanSection;
			sourceTree = "<group>";
		};
		2534F7832C295129009BED6C /* Sections */ = {
			isa = PBXGroup;
			children = (
				2534F7A42C295866009BED6C /* ConfigSection */,
				2534F7962C295332009BED6C /* YieldSection */,
				2534F7922C295187009BED6C /* HeaderSection */,
				2534F7762C295129009BED6C /* GrowthSection */,
				2534F7822C295129009BED6C /* NewPlanSection */,
			);
			path = Sections;
			sourceTree = "<group>";
		};
		2534F78E2C295187009BED6C /* Cell */ = {
			isa = PBXGroup;
			children = (
				2534F78D2C295187009BED6C /* PlanType2HeaderCell.swift */,
			);
			path = Cell;
			sourceTree = "<group>";
		};
		2534F7902C295187009BED6C /* Model */ = {
			isa = PBXGroup;
			children = (
				2534F78F2C295187009BED6C /* PlanType2HeaderModel.swift */,
			);
			path = Model;
			sourceTree = "<group>";
		};
		2534F7922C295187009BED6C /* HeaderSection */ = {
			isa = PBXGroup;
			children = (
				2534F78E2C295187009BED6C /* Cell */,
				2534F7902C295187009BED6C /* Model */,
				2534F7912C295187009BED6C /* PlanType2HeaderSection.swift */,
			);
			path = HeaderSection;
			sourceTree = "<group>";
		};
		2534F7962C295332009BED6C /* YieldSection */ = {
			isa = PBXGroup;
			children = (
				2534F79C2C295359009BED6C /* Cell */,
				2534F7992C29534F009BED6C /* Model */,
				2534F7972C29534A009BED6C /* PlanType2YieldSection.swift */,
			);
			path = YieldSection;
			sourceTree = "<group>";
		};
		2534F7992C29534F009BED6C /* Model */ = {
			isa = PBXGroup;
			children = (
				2534F79A2C295356009BED6C /* PlanType2YieldModel.swift */,
			);
			path = Model;
			sourceTree = "<group>";
		};
		2534F79C2C295359009BED6C /* Cell */ = {
			isa = PBXGroup;
			children = (
				2534F79D2C295362009BED6C /* PlanType2YieldCell.swift */,
			);
			path = Cell;
			sourceTree = "<group>";
		};
		2534F7A02C295866009BED6C /* Cell */ = {
			isa = PBXGroup;
			children = (
				2534F79F2C295866009BED6C /* PlanType2ConfigCell.swift */,
			);
			path = Cell;
			sourceTree = "<group>";
		};
		2534F7A22C295866009BED6C /* Model */ = {
			isa = PBXGroup;
			children = (
				2534F7A12C295866009BED6C /* PlanType2ConfigModel.swift */,
			);
			path = Model;
			sourceTree = "<group>";
		};
		2534F7A42C295866009BED6C /* ConfigSection */ = {
			isa = PBXGroup;
			children = (
				2534F7A02C295866009BED6C /* Cell */,
				2534F7A22C295866009BED6C /* Model */,
				2534F7A32C295866009BED6C /* PlanType2ConfigSection.swift */,
			);
			path = ConfigSection;
			sourceTree = "<group>";
		};
		2534F7AE2C2980AA009BED6C /* ClosableSection */ = {
			isa = PBXGroup;
			children = (
				2534F7B12C298167009BED6C /* Cell */,
				2534F7AF2C2980DB009BED6C /* ClosableSection.swift */,
			);
			path = ClosableSection;
			sourceTree = "<group>";
		};
		2534F7B12C298167009BED6C /* Cell */ = {
			isa = PBXGroup;
			children = (
				2534F7B22C298179009BED6C /* ClosableCell.swift */,
			);
			path = Cell;
			sourceTree = "<group>";
		};
		255E110F2C270D7500CC69B0 /* Plan */ = {
			isa = PBXGroup;
			children = (
				2534F7AE2C2980AA009BED6C /* ClosableSection */,
				255E11232C27832E00CC69B0 /* Common */,
				255E11102C270DA600CC69B0 /* Type1 */,
				255E11112C270DB000CC69B0 /* Type2 */,
			);
			path = Plan;
			sourceTree = "<group>";
		};
		255E11102C270DA600CC69B0 /* Type1 */ = {
			isa = PBXGroup;
			children = (
				2534F7642C2950B7009BED6C /* Sections */,
				255E11122C270E4B00CC69B0 /* PlanTpye1ViewController.swift */,
				255E11382C27EBED00CC69B0 /* PlanType1TableVM.swift */,
			);
			path = Type1;
			sourceTree = "<group>";
		};
		255E11112C270DB000CC69B0 /* Type2 */ = {
			isa = PBXGroup;
			children = (
				2534F7422C294EF0009BED6C /* PlanTpye2ViewController.swift */,
				2534F7432C294EF0009BED6C /* PlanType2TableVM.swift */,
				2534F7832C295129009BED6C /* Sections */,
			);
			path = Type2;
			sourceTree = "<group>";
		};
		255E11142C270EBB00CC69B0 /* Other */ = {
			isa = PBXGroup;
			children = (
				255E114A2C28324A00CC69B0 /* Ext */,
				255E11482C28323300CC69B0 /* Base */,
				255E11442C2831D500CC69B0 /* Empty */,
				255E11422C28308C00CC69B0 /* Constant.swift */,
				255E11242C27835800CC69B0 /* DemoImageCell.swift */,
				255E11402C28304B00CC69B0 /* SectionLoaderType.swift */,
				258E494C2C291D4200AC9613 /* Netowrk.swift */,
				2534F7B62C29AFA1009BED6C /* DemoDetailViewController.swift */,
				2534FCB72C2CC4A4009BED6C /* PullDownStretchable.swift */,
			);
			path = Other;
			sourceTree = "<group>";
		};
		255E11232C27832E00CC69B0 /* Common */ = {
			isa = PBXGroup;
			children = (
				258E49252C2916BB00AC9613 /* Cell */,
				258E49242C2916B700AC9613 /* Model */,
				255E11292C27E7DB00CC69B0 /* Sections */,
				258E494A2C291C0900AC9613 /* PlanConstant.swift */,
			);
			path = Common;
			sourceTree = "<group>";
		};
		255E11292C27E7DB00CC69B0 /* Sections */ = {
			isa = PBXGroup;
			children = (
				2534F7092C2949FD009BED6C /* HoldingSection */,
				255E112F2C27EA5500CC69B0 /* TopCommentsSection */,
				255E112E2C27E9F000CC69B0 /* QASection */,
				255E112D2C27E9B100CC69B0 /* ManagerSection */,
				255E112C2C27E8AC00CC69B0 /* ProfitRatioSection */,
				255E112A2C27E7FB00CC69B0 /* NoticeSection */,
			);
			path = Sections;
			sourceTree = "<group>";
		};
		255E112A2C27E7FB00CC69B0 /* NoticeSection */ = {
			isa = PBXGroup;
			children = (
				258E493D2C291A3200AC9613 /* Model */,
				258E49382C291A1400AC9613 /* Cell */,
				258E49322C2919A400AC9613 /* PlanNoticeSection.swift */,
			);
			path = NoticeSection;
			sourceTree = "<group>";
		};
		255E112C2C27E8AC00CC69B0 /* ProfitRatioSection */ = {
			isa = PBXGroup;
			children = (
				258E493C2C291A2E00AC9613 /* Model */,
				258E49372C291A1100AC9613 /* Cell */,
				258E49302C29199800AC9613 /* PlanProfitRatioSection.swift */,
			);
			path = ProfitRatioSection;
			sourceTree = "<group>";
		};
		255E112D2C27E9B100CC69B0 /* ManagerSection */ = {
			isa = PBXGroup;
			children = (
				258E493B2C291A2A00AC9613 /* Model */,
				258E49362C291A0E00AC9613 /* Cell */,
				258E492E2C29198800AC9613 /* PlanManagerSection.swift */,
			);
			path = ManagerSection;
			sourceTree = "<group>";
		};
		255E112E2C27E9F000CC69B0 /* QASection */ = {
			isa = PBXGroup;
			children = (
				258E493A2C291A2400AC9613 /* Model */,
				258E49352C291A0A00AC9613 /* Cell */,
				258E492C2C29197400AC9613 /* PlanQASection.swift */,
			);
			path = QASection;
			sourceTree = "<group>";
		};
		255E112F2C27EA5500CC69B0 /* TopCommentsSection */ = {
			isa = PBXGroup;
			children = (
				258E49392C291A1C00AC9613 /* Model */,
				258E49342C291A0500AC9613 /* Cell */,
				258E492A2C29196500AC9613 /* PlanTopCommentsSection.swift */,
			);
			path = TopCommentsSection;
			sourceTree = "<group>";
		};
		255E11442C2831D500CC69B0 /* Empty */ = {
			isa = PBXGroup;
			children = (
				255E11452C2831DA00CC69B0 /* SimpleEmptyView.swift */,
				2534F7072C29493D009BED6C /* UILable+ps.swift */,
			);
			path = Empty;
			sourceTree = "<group>";
		};
		255E11482C28323300CC69B0 /* Base */ = {
			isa = PBXGroup;
			children = (
				258E49002C28337F00AC9613 /* BaseCardCell.swift */,
				258E48FE2C28337F00AC9613 /* BaseCell.swift */,
				258E48FF2C28337F00AC9613 /* BaseView.swift */,
			);
			path = Base;
			sourceTree = "<group>";
		};
		255E114A2C28324A00CC69B0 /* Ext */ = {
			isa = PBXGroup;
			children = (
				258E49042C28339600AC9613 /* NameSpace.swift */,
				258E49052C28339600AC9613 /* UITableView+reuse.swift */,
				258E494E2C29204B00AC9613 /* Optional+Ext.swift */,
				2534F7B42C2981FA009BED6C /* UIView+Ext.swift */,
			);
			path = Ext;
			sourceTree = "<group>";
		};
		258E49242C2916B700AC9613 /* Model */ = {
			isa = PBXGroup;
			children = (
				258E49262C2916E900AC9613 /* PlanBaseModel.swift */,
			);
			path = Model;
			sourceTree = "<group>";
		};
		258E49252C2916BB00AC9613 /* Cell */ = {
			isa = PBXGroup;
			children = (
				258E49282C29175300AC9613 /* PlanDemoBaseCell.swift */,
			);
			path = Cell;
			sourceTree = "<group>";
		};
		258E49342C291A0500AC9613 /* Cell */ = {
			isa = PBXGroup;
			children = (
				2534F7142C294BE5009BED6C /* PlanTopCommnetsCell.swift */,
			);
			path = Cell;
			sourceTree = "<group>";
		};
		258E49352C291A0A00AC9613 /* Cell */ = {
			isa = PBXGroup;
			children = (
				2534F7122C294B77009BED6C /* PlanQACell.swift */,
			);
			path = Cell;
			sourceTree = "<group>";
		};
		258E49362C291A0E00AC9613 /* Cell */ = {
			isa = PBXGroup;
			children = (
				2534F7052C292A16009BED6C /* PlanManagerCell.swift */,
			);
			path = Cell;
			sourceTree = "<group>";
		};
		258E49372C291A1100AC9613 /* Cell */ = {
			isa = PBXGroup;
			children = (
				2534F7032C292885009BED6C /* PlanProfitRatioCell.swift */,
			);
			path = Cell;
			sourceTree = "<group>";
		};
		258E49382C291A1400AC9613 /* Cell */ = {
			isa = PBXGroup;
			children = (
				258E49482C291B9600AC9613 /* PlanNoticeCell.swift */,
			);
			path = Cell;
			sourceTree = "<group>";
		};
		258E49392C291A1C00AC9613 /* Model */ = {
			isa = PBXGroup;
			children = (
				258E493E2C291A6E00AC9613 /* PlanTopCommentsModel.swift */,
			);
			path = Model;
			sourceTree = "<group>";
		};
		258E493A2C291A2400AC9613 /* Model */ = {
			isa = PBXGroup;
			children = (
				258E49402C291A9F00AC9613 /* PlanQAModel.swift */,
			);
			path = Model;
			sourceTree = "<group>";
		};
		258E493B2C291A2A00AC9613 /* Model */ = {
			isa = PBXGroup;
			children = (
				258E49422C291AC900AC9613 /* PlanManagerModel.swift */,
			);
			path = Model;
			sourceTree = "<group>";
		};
		258E493C2C291A2E00AC9613 /* Model */ = {
			isa = PBXGroup;
			children = (
				258E49442C291AEB00AC9613 /* PlanProfitRatioModel.swift */,
			);
			path = Model;
			sourceTree = "<group>";
		};
		258E493D2C291A3200AC9613 /* Model */ = {
			isa = PBXGroup;
			children = (
				258E49462C291B0D00AC9613 /* PlanNoticeModel.swift */,
			);
			path = Model;
			sourceTree = "<group>";
		};
		607FACC71AFB9204008FA782 = {
			isa = PBXGroup;
			children = (
				607FACF51AFB993E008FA782 /* Podspec Metadata */,
				607FACD21AFB9204008FA782 /* Example for TableViewSections */,
				607FACE81AFB9204008FA782 /* Tests */,
				607FACD11AFB9204008FA782 /* Products */,
				BB96C64B4E96319D052B1349 /* Pods */,
				0701553E7571968F5B8A854B /* Frameworks */,
			);
			sourceTree = "<group>";
		};
		607FACD11AFB9204008FA782 /* Products */ = {
			isa = PBXGroup;
			children = (
				607FACD01AFB9204008FA782 /* TableViewSections_Example.app */,
				607FACE51AFB9204008FA782 /* TableViewSections_Tests.xctest */,
			);
			name = Products;
			sourceTree = "<group>";
		};
		607FACD21AFB9204008FA782 /* Example for TableViewSections */ = {
			isa = PBXGroup;
			children = (
				255E11142C270EBB00CC69B0 /* Other */,
				255E110F2C270D7500CC69B0 /* Plan */,
				607FACD51AFB9204008FA782 /* AppDelegate.swift */,
				607FACD71AFB9204008FA782 /* ViewController.swift */,
				607FACD91AFB9204008FA782 /* Main.storyboard */,
				607FACDC1AFB9204008FA782 /* Images.xcassets */,
				607FACDE1AFB9204008FA782 /* LaunchScreen.xib */,
				607FACD31AFB9204008FA782 /* Supporting Files */,
			);
			name = "Example for TableViewSections";
			path = TableViewSections;
			sourceTree = "<group>";
		};
		607FACD31AFB9204008FA782 /* Supporting Files */ = {
			isa = PBXGroup;
			children = (
				607FACD41AFB9204008FA782 /* Info.plist */,
			);
			name = "Supporting Files";
			sourceTree = "<group>";
		};
		607FACE81AFB9204008FA782 /* Tests */ = {
			isa = PBXGroup;
			children = (
				607FACEB1AFB9204008FA782 /* Tests.swift */,
				607FACE91AFB9204008FA782 /* Supporting Files */,
			);
			path = Tests;
			sourceTree = "<group>";
		};
		607FACE91AFB9204008FA782 /* Supporting Files */ = {
			isa = PBXGroup;
			children = (
				607FACEA1AFB9204008FA782 /* Info.plist */,
			);
			name = "Supporting Files";
			sourceTree = "<group>";
		};
		607FACF51AFB993E008FA782 /* Podspec Metadata */ = {
			isa = PBXGroup;
			children = (
				659F4E286186ECB96450D359 /* TableViewSections.podspec */,
				17AEF57E7F003667FAE76B8F /* README.md */,
				12417AA26DD51E489121A335 /* LICENSE */,
			);
			name = "Podspec Metadata";
			sourceTree = "<group>";
		};
		BB96C64B4E96319D052B1349 /* Pods */ = {
			isa = PBXGroup;
			children = (
				285087E9B2E92002B5694F94 /* Pods-TableViewSections_Example.debug.xcconfig */,
				E8D6AC616D4943C52A872654 /* Pods-TableViewSections_Example.release.xcconfig */,
				EAF3756BC3A80A8E307C738E /* Pods-TableViewSections_Tests.debug.xcconfig */,
				CB6DC954ACC3E0BA3120B7D8 /* Pods-TableViewSections_Tests.release.xcconfig */,
			);
			path = Pods;
			sourceTree = "<group>";
		};
/* End PBXGroup section */

/* Begin PBXNativeTarget section */
		607FACCF1AFB9204008FA782 /* TableViewSections_Example */ = {
			isa = PBXNativeTarget;
			buildConfigurationList = 607FACEF1AFB9204008FA782 /* Build configuration list for PBXNativeTarget "TableViewSections_Example" */;
			buildPhases = (
				04121A5E218F4D89FC7311AF /* [CP] Check Pods Manifest.lock */,
				607FACCC1AFB9204008FA782 /* Sources */,
				607FACCD1AFB9204008FA782 /* Frameworks */,
				607FACCE1AFB9204008FA782 /* Resources */,
				3940D695E9BE6AAF97E2CE65 /* [CP] Embed Pods Frameworks */,
			);
			buildRules = (
			);
			dependencies = (
			);
			name = TableViewSections_Example;
			productName = TableViewSections;
			productReference = 607FACD01AFB9204008FA782 /* TableViewSections_Example.app */;
			productType = "com.apple.product-type.application";
		};
		607FACE41AFB9204008FA782 /* TableViewSections_Tests */ = {
			isa = PBXNativeTarget;
			buildConfigurationList = 607FACF21AFB9204008FA782 /* Build configuration list for PBXNativeTarget "TableViewSections_Tests" */;
			buildPhases = (
				B341521763EFCC58E7DED5B3 /* [CP] Check Pods Manifest.lock */,
				607FACE11AFB9204008FA782 /* Sources */,
				607FACE21AFB9204008FA782 /* Frameworks */,
				607FACE31AFB9204008FA782 /* Resources */,
			);
			buildRules = (
			);
			dependencies = (
				607FACE71AFB9204008FA782 /* PBXTargetDependency */,
			);
			name = TableViewSections_Tests;
			productName = Tests;
			productReference = 607FACE51AFB9204008FA782 /* TableViewSections_Tests.xctest */;
			productType = "com.apple.product-type.bundle.unit-test";
		};
/* End PBXNativeTarget section */

/* Begin PBXProject section */
		607FACC81AFB9204008FA782 /* Project object */ = {
			isa = PBXProject;
			attributes = {
				LastSwiftUpdateCheck = 0830;
				LastUpgradeCheck = 0830;
				ORGANIZATIONNAME = CocoaPods;
				TargetAttributes = {
					607FACCF1AFB9204008FA782 = {
						CreatedOnToolsVersion = 6.3.1;
						LastSwiftMigration = 0900;
					};
					607FACE41AFB9204008FA782 = {
						CreatedOnToolsVersion = 6.3.1;
						LastSwiftMigration = 0900;
						TestTargetID = 607FACCF1AFB9204008FA782;
					};
				};
			};
			buildConfigurationList = 607FACCB1AFB9204008FA782 /* Build configuration list for PBXProject "TableViewSections" */;
			compatibilityVersion = "Xcode 3.2";
			developmentRegion = English;
			hasScannedForEncodings = 0;
			knownRegions = (
				English,
				en,
				Base,
			);
			mainGroup = 607FACC71AFB9204008FA782;
			productRefGroup = 607FACD11AFB9204008FA782 /* Products */;
			projectDirPath = "";
			projectRoot = "";
			targets = (
				607FACCF1AFB9204008FA782 /* TableViewSections_Example */,
				607FACE41AFB9204008FA782 /* TableViewSections_Tests */,
			);
		};
/* End PBXProject section */

/* Begin PBXResourcesBuildPhase section */
		607FACCE1AFB9204008FA782 /* Resources */ = {
			isa = PBXResourcesBuildPhase;
			buildActionMask = 2147483647;
			files = (
				607FACDB1AFB9204008FA782 /* Main.storyboard in Resources */,
				607FACE01AFB9204008FA782 /* LaunchScreen.xib in Resources */,
				607FACDD1AFB9204008FA782 /* Images.xcassets in Resources */,
			);
			runOnlyForDeploymentPostprocessing = 0;
		};
		607FACE31AFB9204008FA782 /* Resources */ = {
			isa = PBXResourcesBuildPhase;
			buildActionMask = 2147483647;
			files = (
			);
			runOnlyForDeploymentPostprocessing = 0;
		};
/* End PBXResourcesBuildPhase section */

/* Begin PBXShellScriptBuildPhase section */
		04121A5E218F4D89FC7311AF /* [CP] Check Pods Manifest.lock */ = {
			isa = PBXShellScriptBuildPhase;
			buildActionMask = 2147483647;
			files = (
			);
			inputFileListPaths = (
			);
			inputPaths = (
				"${PODS_PODFILE_DIR_PATH}/Podfile.lock",
				"${PODS_ROOT}/Manifest.lock",
			);
			name = "[CP] Check Pods Manifest.lock";
			outputFileListPaths = (
			);
			outputPaths = (
				"$(DERIVED_FILE_DIR)/Pods-TableViewSections_Example-checkManifestLockResult.txt",
			);
			runOnlyForDeploymentPostprocessing = 0;
			shellPath = /bin/sh;
			shellScript = "diff \"${PODS_PODFILE_DIR_PATH}/Podfile.lock\" \"${PODS_ROOT}/Manifest.lock\" > /dev/null\nif [ $? != 0 ] ; then\n    # print error to STDERR\n    echo \"error: The sandbox is not in sync with the Podfile.lock. Run 'pod install' or update your CocoaPods installation.\" >&2\n    exit 1\nfi\n# This output is used by Xcode 'outputs' to avoid re-running this script phase.\necho \"SUCCESS\" > \"${SCRIPT_OUTPUT_FILE_0}\"\n";
			showEnvVarsInLog = 0;
		};
		3940D695E9BE6AAF97E2CE65 /* [CP] Embed Pods Frameworks */ = {
			isa = PBXShellScriptBuildPhase;
			buildActionMask = 2147483647;
			files = (
			);
			inputPaths = (
				"${PODS_ROOT}/Target Support Files/Pods-TableViewSections_Example/Pods-TableViewSections_Example-frameworks.sh",
				"${BUILT_PRODUCTS_DIR}/PageState/PageState.framework",
				"${BUILT_PRODUCTS_DIR}/SnapKit/SnapKit.framework",
				"${BUILT_PRODUCTS_DIR}/TableViewSections/TableViewSections.framework",
			);
			name = "[CP] Embed Pods Frameworks";
			outputPaths = (
				"${TARGET_BUILD_DIR}/${FRAMEWORKS_FOLDER_PATH}/PageState.framework",
				"${TARGET_BUILD_DIR}/${FRAMEWORKS_FOLDER_PATH}/SnapKit.framework",
				"${TARGET_BUILD_DIR}/${FRAMEWORKS_FOLDER_PATH}/TableViewSections.framework",
			);
			runOnlyForDeploymentPostprocessing = 0;
			shellPath = /bin/sh;
			shellScript = "\"${PODS_ROOT}/Target Support Files/Pods-TableViewSections_Example/Pods-TableViewSections_Example-frameworks.sh\"\n";
			showEnvVarsInLog = 0;
		};
		B341521763EFCC58E7DED5B3 /* [CP] Check Pods Manifest.lock */ = {
			isa = PBXShellScriptBuildPhase;
			buildActionMask = 2147483647;
			files = (
			);
			inputFileListPaths = (
			);
			inputPaths = (
				"${PODS_PODFILE_DIR_PATH}/Podfile.lock",
				"${PODS_ROOT}/Manifest.lock",
			);
			name = "[CP] Check Pods Manifest.lock";
			outputFileListPaths = (
			);
			outputPaths = (
				"$(DERIVED_FILE_DIR)/Pods-TableViewSections_Tests-checkManifestLockResult.txt",
			);
			runOnlyForDeploymentPostprocessing = 0;
			shellPath = /bin/sh;
			shellScript = "diff \"${PODS_PODFILE_DIR_PATH}/Podfile.lock\" \"${PODS_ROOT}/Manifest.lock\" > /dev/null\nif [ $? != 0 ] ; then\n    # print error to STDERR\n    echo \"error: The sandbox is not in sync with the Podfile.lock. Run 'pod install' or update your CocoaPods installation.\" >&2\n    exit 1\nfi\n# This output is used by Xcode 'outputs' to avoid re-running this script phase.\necho \"SUCCESS\" > \"${SCRIPT_OUTPUT_FILE_0}\"\n";
			showEnvVarsInLog = 0;
		};
/* End PBXShellScriptBuildPhase section */

/* Begin PBXSourcesBuildPhase section */
		607FACCC1AFB9204008FA782 /* Sources */ = {
			isa = PBXSourcesBuildPhase;
			buildActionMask = 2147483647;
			files = (
				2534F7B52C2981FA009BED6C /* UIView+Ext.swift in Sources */,
				2534F7852C295129009BED6C /* PlanType2GrowthModel.swift in Sources */,
				2534F79E2C295362009BED6C /* PlanType2YieldCell.swift in Sources */,
				258E494D2C291D4200AC9613 /* Netowrk.swift in Sources */,
				258E492B2C29196500AC9613 /* PlanTopCommentsSection.swift in Sources */,
				2534F7932C295187009BED6C /* PlanType2HeaderCell.swift in Sources */,
				2534F7692C2950B7009BED6C /* PlanType1HeaderModel.swift in Sources */,
				2534F7062C292A16009BED6C /* PlanManagerCell.swift in Sources */,
				2534F76B2C2950B7009BED6C /* PlanType1IntroduceCell.swift in Sources */,
				258E492F2C29198800AC9613 /* PlanManagerSection.swift in Sources */,
				255E11412C28304B00CC69B0 /* SectionLoaderType.swift in Sources */,
				2534F7982C29534A009BED6C /* PlanType2YieldSection.swift in Sources */,
				255E11432C28308C00CC69B0 /* Constant.swift in Sources */,
				607FACD81AFB9204008FA782 /* ViewController.swift in Sources */,
				258E49412C291A9F00AC9613 /* PlanQAModel.swift in Sources */,
				2534F79B2C295356009BED6C /* PlanType2YieldModel.swift in Sources */,
				258E49472C291B0D00AC9613 /* PlanNoticeModel.swift in Sources */,
				2534F7112C294A42009BED6C /* PlanHoldingCell.swift in Sources */,
				2534F7662C2950B7009BED6C /* PlanType1GrowthModel.swift in Sources */,
				2534F7B02C2980DB009BED6C /* ClosableSection.swift in Sources */,
				2534F78A2C295129009BED6C /* PlanType2NewPlanCell.swift in Sources */,
				258E493F2C291A6E00AC9613 /* PlanTopCommentsModel.swift in Sources */,
				258E49432C291AC900AC9613 /* PlanManagerModel.swift in Sources */,
				2534F76D2C2950B7009BED6C /* PlanType1IntroduceSection.swift in Sources */,
				2534F7B72C29AFA1009BED6C /* DemoDetailViewController.swift in Sources */,
				258E49452C291AEB00AC9613 /* PlanProfitRatioModel.swift in Sources */,
				2534F7952C295187009BED6C /* PlanType2HeaderSection.swift in Sources */,
				2534F7442C294EF0009BED6C /* PlanTpye2ViewController.swift in Sources */,
				258E49022C28337F00AC9613 /* BaseView.swift in Sources */,
				255E11132C270E4B00CC69B0 /* PlanTpye1ViewController.swift in Sources */,
				2534F7A62C295866009BED6C /* PlanType2ConfigModel.swift in Sources */,
				2534F7862C295129009BED6C /* PlanType2GrowthSection.swift in Sources */,
				258E49292C29175300AC9613 /* PlanDemoBaseCell.swift in Sources */,
				2534F78B2C295129009BED6C /* PlanType2NewPlanModel.swift in Sources */,
				2534F76E2C2950B7009BED6C /* PlanType1NewPlanCell.swift in Sources */,
				258E492D2C29197400AC9613 /* PlanQASection.swift in Sources */,
				2534F7672C2950B7009BED6C /* PlanType1GrowthSection.swift in Sources */,
				2534F70F2C294A2F009BED6C /* PlanHoldingModel.swift in Sources */,
				258E49492C291B9600AC9613 /* PlanNoticeCell.swift in Sources */,
				2534F7082C29493D009BED6C /* UILable+ps.swift in Sources */,
				2534F7A72C295866009BED6C /* PlanType2ConfigSection.swift in Sources */,
				255E11392C27EBED00CC69B0 /* PlanType1TableVM.swift in Sources */,
				258E49072C28339600AC9613 /* UITableView+reuse.swift in Sources */,
				258E49032C28337F00AC9613 /* BaseCardCell.swift in Sources */,
				607FACD61AFB9204008FA782 /* AppDelegate.swift in Sources */,
				258E494B2C291C0900AC9613 /* PlanConstant.swift in Sources */,
				2534F7702C2950B7009BED6C /* PlanType1NewPlanSection.swift in Sources */,
				2534F7942C295187009BED6C /* PlanType2HeaderModel.swift in Sources */,
				2534F78C2C295129009BED6C /* PlanType2NewPlanSection.swift in Sources */,
				258E49012C28337F00AC9613 /* BaseCell.swift in Sources */,
				2534F7842C295129009BED6C /* PlanType2GrowthCell.swift in Sources */,
				2534F70B2C294A0D009BED6C /* PlanHoldingSection.swift in Sources */,
				258E49272C2916E900AC9613 /* PlanBaseModel.swift in Sources */,
				255E11252C27835800CC69B0 /* DemoImageCell.swift in Sources */,
				2534F7682C2950B7009BED6C /* PlanType1HeaderCell.swift in Sources */,
				258E49332C2919A400AC9613 /* PlanNoticeSection.swift in Sources */,
				2534F7132C294B77009BED6C /* PlanQACell.swift in Sources */,
				2534F7152C294BE5009BED6C /* PlanTopCommnetsCell.swift in Sources */,
				2534F7B32C298179009BED6C /* ClosableCell.swift in Sources */,
				2534F7452C294EF0009BED6C /* PlanType2TableVM.swift in Sources */,
				2534F76A2C2950B7009BED6C /* PlanType1HeaderSection.swift in Sources */,
				258E49062C28339600AC9613 /* NameSpace.swift in Sources */,
				2534F76C2C2950B7009BED6C /* PlanType1IntroduceModel.swift in Sources */,
				258E49312C29199800AC9613 /* PlanProfitRatioSection.swift in Sources */,
				2534F7042C292885009BED6C /* PlanProfitRatioCell.swift in Sources */,
				2534F7A52C295866009BED6C /* PlanType2ConfigCell.swift in Sources */,
				2534F7652C2950B7009BED6C /* PlanType1GrowthCell.swift in Sources */,
				2534F76F2C2950B7009BED6C /* PlanType1NewPlanModel.swift in Sources */,
				2534FCB82C2CC4A4009BED6C /* PullDownStretchable.swift in Sources */,
				258E494F2C29204C00AC9613 /* Optional+Ext.swift in Sources */,
			);
			runOnlyForDeploymentPostprocessing = 0;
		};
		607FACE11AFB9204008FA782 /* Sources */ = {
			isa = PBXSourcesBuildPhase;
			buildActionMask = 2147483647;
			files = (
				607FACEC1AFB9204008FA782 /* Tests.swift in Sources */,
			);
			runOnlyForDeploymentPostprocessing = 0;
		};
/* End PBXSourcesBuildPhase section */

/* Begin PBXTargetDependency section */
		607FACE71AFB9204008FA782 /* PBXTargetDependency */ = {
			isa = PBXTargetDependency;
			target = 607FACCF1AFB9204008FA782 /* TableViewSections_Example */;
			targetProxy = 607FACE61AFB9204008FA782 /* PBXContainerItemProxy */;
		};
/* End PBXTargetDependency section */

/* Begin PBXVariantGroup section */
		607FACD91AFB9204008FA782 /* Main.storyboard */ = {
			isa = PBXVariantGroup;
			children = (
				607FACDA1AFB9204008FA782 /* Base */,
			);
			name = Main.storyboard;
			sourceTree = "<group>";
		};
		607FACDE1AFB9204008FA782 /* LaunchScreen.xib */ = {
			isa = PBXVariantGroup;
			children = (
				607FACDF1AFB9204008FA782 /* Base */,
			);
			name = LaunchScreen.xib;
			sourceTree = "<group>";
		};
/* End PBXVariantGroup section */

/* Begin XCBuildConfiguration section */
		607FACED1AFB9204008FA782 /* Debug */ = {
			isa = XCBuildConfiguration;
			buildSettings = {
				ALWAYS_SEARCH_USER_PATHS = NO;
				CLANG_CXX_LANGUAGE_STANDARD = "gnu++0x";
				CLANG_CXX_LIBRARY = "libc++";
				CLANG_ENABLE_MODULES = YES;
				CLANG_ENABLE_OBJC_ARC = YES;
				CLANG_WARN_BLOCK_CAPTURE_AUTORELEASING = YES;
				CLANG_WARN_BOOL_CONVERSION = YES;
				CLANG_WARN_COMMA = YES;
				CLANG_WARN_CONSTANT_CONVERSION = YES;
				CLANG_WARN_DIRECT_OBJC_ISA_USAGE = YES_ERROR;
				CLANG_WARN_EMPTY_BODY = YES;
				CLANG_WARN_ENUM_CONVERSION = YES;
				CLANG_WARN_INFINITE_RECURSION = YES;
				CLANG_WARN_INT_CONVERSION = YES;
				CLANG_WARN_NON_LITERAL_NULL_CONVERSION = YES;
				CLANG_WARN_OBJC_LITERAL_CONVERSION = YES;
				CLANG_WARN_OBJC_ROOT_CLASS = YES_ERROR;
				CLANG_WARN_RANGE_LOOP_ANALYSIS = YES;
				CLANG_WARN_STRICT_PROTOTYPES = YES;
				CLANG_WARN_SUSPICIOUS_MOVE = YES;
				CLANG_WARN_UNREACHABLE_CODE = YES;
				CLANG_WARN__DUPLICATE_METHOD_MATCH = YES;
				"CODE_SIGN_IDENTITY[sdk=iphoneos*]" = "iPhone Developer";
				COPY_PHASE_STRIP = NO;
				DEBUG_INFORMATION_FORMAT = "dwarf-with-dsym";
				ENABLE_STRICT_OBJC_MSGSEND = YES;
				ENABLE_TESTABILITY = YES;
				GCC_C_LANGUAGE_STANDARD = gnu99;
				GCC_DYNAMIC_NO_PIC = NO;
				GCC_NO_COMMON_BLOCKS = YES;
				GCC_OPTIMIZATION_LEVEL = 0;
				GCC_PREPROCESSOR_DEFINITIONS = (
					"DEBUG=1",
					"$(inherited)",
				);
				GCC_SYMBOLS_PRIVATE_EXTERN = NO;
				GCC_WARN_64_TO_32_BIT_CONVERSION = YES;
				GCC_WARN_ABOUT_RETURN_TYPE = YES_ERROR;
				GCC_WARN_UNDECLARED_SELECTOR = YES;
				GCC_WARN_UNINITIALIZED_AUTOS = YES_AGGRESSIVE;
				GCC_WARN_UNUSED_FUNCTION = YES;
				GCC_WARN_UNUSED_VARIABLE = YES;
				IPHONEOS_DEPLOYMENT_TARGET = 9.3;
				MTL_ENABLE_DEBUG_INFO = YES;
				ONLY_ACTIVE_ARCH = YES;
				SDKROOT = iphoneos;
				SWIFT_OPTIMIZATION_LEVEL = "-Onone";
			};
			name = Debug;
		};
		607FACEE1AFB9204008FA782 /* Release */ = {
			isa = XCBuildConfiguration;
			buildSettings = {
				ALWAYS_SEARCH_USER_PATHS = NO;
				CLANG_CXX_LANGUAGE_STANDARD = "gnu++0x";
				CLANG_CXX_LIBRARY = "libc++";
				CLANG_ENABLE_MODULES = YES;
				CLANG_ENABLE_OBJC_ARC = YES;
				CLANG_WARN_BLOCK_CAPTURE_AUTORELEASING = YES;
				CLANG_WARN_BOOL_CONVERSION = YES;
				CLANG_WARN_COMMA = YES;
				CLANG_WARN_CONSTANT_CONVERSION = YES;
				CLANG_WARN_DIRECT_OBJC_ISA_USAGE = YES_ERROR;
				CLANG_WARN_EMPTY_BODY = YES;
				CLANG_WARN_ENUM_CONVERSION = YES;
				CLANG_WARN_INFINITE_RECURSION = YES;
				CLANG_WARN_INT_CONVERSION = YES;
				CLANG_WARN_NON_LITERAL_NULL_CONVERSION = YES;
				CLANG_WARN_OBJC_LITERAL_CONVERSION = YES;
				CLANG_WARN_OBJC_ROOT_CLASS = YES_ERROR;
				CLANG_WARN_RANGE_LOOP_ANALYSIS = YES;
				CLANG_WARN_STRICT_PROTOTYPES = YES;
				CLANG_WARN_SUSPICIOUS_MOVE = YES;
				CLANG_WARN_UNREACHABLE_CODE = YES;
				CLANG_WARN__DUPLICATE_METHOD_MATCH = YES;
				"CODE_SIGN_IDENTITY[sdk=iphoneos*]" = "iPhone Developer";
				COPY_PHASE_STRIP = NO;
				DEBUG_INFORMATION_FORMAT = "dwarf-with-dsym";
				ENABLE_NS_ASSERTIONS = NO;
				ENABLE_STRICT_OBJC_MSGSEND = YES;
				GCC_C_LANGUAGE_STANDARD = gnu99;
				GCC_NO_COMMON_BLOCKS = YES;
				GCC_WARN_64_TO_32_BIT_CONVERSION = YES;
				GCC_WARN_ABOUT_RETURN_TYPE = YES_ERROR;
				GCC_WARN_UNDECLARED_SELECTOR = YES;
				GCC_WARN_UNINITIALIZED_AUTOS = YES_AGGRESSIVE;
				GCC_WARN_UNUSED_FUNCTION = YES;
				GCC_WARN_UNUSED_VARIABLE = YES;
				IPHONEOS_DEPLOYMENT_TARGET = 9.3;
				MTL_ENABLE_DEBUG_INFO = NO;
				SDKROOT = iphoneos;
				SWIFT_OPTIMIZATION_LEVEL = "-Owholemodule";
				VALIDATE_PRODUCT = YES;
			};
			name = Release;
		};
		607FACF01AFB9204008FA782 /* Debug */ = {
			isa = XCBuildConfiguration;
			baseConfigurationReference = 285087E9B2E92002B5694F94 /* Pods-TableViewSections_Example.debug.xcconfig */;
			buildSettings = {
				ASSETCATALOG_COMPILER_APPICON_NAME = AppIcon;
				INFOPLIST_FILE = TableViewSections/Info.plist;
				IPHONEOS_DEPLOYMENT_TARGET = 12.0;
				LD_RUNPATH_SEARCH_PATHS = "$(inherited) @executable_path/Frameworks";
				MODULE_NAME = ExampleApp;
				PRODUCT_BUNDLE_IDENTIFIER = "org.cocoapods.demo.$(PRODUCT_NAME:rfc1034identifier)";
				PRODUCT_NAME = "$(TARGET_NAME)";
				SWIFT_SWIFT3_OBJC_INFERENCE = Default;
				SWIFT_VERSION = 4.0;
			};
			name = Debug;
		};
		607FACF11AFB9204008FA782 /* Release */ = {
			isa = XCBuildConfiguration;
			baseConfigurationReference = E8D6AC616D4943C52A872654 /* Pods-TableViewSections_Example.release.xcconfig */;
			buildSettings = {
				ASSETCATALOG_COMPILER_APPICON_NAME = AppIcon;
				INFOPLIST_FILE = TableViewSections/Info.plist;
				IPHONEOS_DEPLOYMENT_TARGET = 12.0;
				LD_RUNPATH_SEARCH_PATHS = "$(inherited) @executable_path/Frameworks";
				MODULE_NAME = ExampleApp;
				PRODUCT_BUNDLE_IDENTIFIER = "org.cocoapods.demo.$(PRODUCT_NAME:rfc1034identifier)";
				PRODUCT_NAME = "$(TARGET_NAME)";
				SWIFT_SWIFT3_OBJC_INFERENCE = Default;
				SWIFT_VERSION = 4.0;
			};
			name = Release;
		};
		607FACF31AFB9204008FA782 /* Debug */ = {
			isa = XCBuildConfiguration;
			baseConfigurationReference = EAF3756BC3A80A8E307C738E /* Pods-TableViewSections_Tests.debug.xcconfig */;
			buildSettings = {
				FRAMEWORK_SEARCH_PATHS = (
					"$(PLATFORM_DIR)/Developer/Library/Frameworks",
					"$(inherited)",
				);
				GCC_PREPROCESSOR_DEFINITIONS = (
					"DEBUG=1",
					"$(inherited)",
				);
				INFOPLIST_FILE = Tests/Info.plist;
				IPHONEOS_DEPLOYMENT_TARGET = 12.0;
				LD_RUNPATH_SEARCH_PATHS = "$(inherited) @executable_path/Frameworks @loader_path/Frameworks";
				PRODUCT_BUNDLE_IDENTIFIER = "org.cocoapods.$(PRODUCT_NAME:rfc1034identifier)";
				PRODUCT_NAME = "$(TARGET_NAME)";
				SWIFT_SWIFT3_OBJC_INFERENCE = Default;
				SWIFT_VERSION = 4.0;
				TEST_HOST = "$(BUILT_PRODUCTS_DIR)/TableViewSections_Example.app/TableViewSections_Example";
			};
			name = Debug;
		};
		607FACF41AFB9204008FA782 /* Release */ = {
			isa = XCBuildConfiguration;
			baseConfigurationReference = CB6DC954ACC3E0BA3120B7D8 /* Pods-TableViewSections_Tests.release.xcconfig */;
			buildSettings = {
				FRAMEWORK_SEARCH_PATHS = (
					"$(PLATFORM_DIR)/Developer/Library/Frameworks",
					"$(inherited)",
				);
				INFOPLIST_FILE = Tests/Info.plist;
				IPHONEOS_DEPLOYMENT_TARGET = 12.0;
				LD_RUNPATH_SEARCH_PATHS = "$(inherited) @executable_path/Frameworks @loader_path/Frameworks";
				PRODUCT_BUNDLE_IDENTIFIER = "org.cocoapods.$(PRODUCT_NAME:rfc1034identifier)";
				PRODUCT_NAME = "$(TARGET_NAME)";
				SWIFT_SWIFT3_OBJC_INFERENCE = Default;
				SWIFT_VERSION = 4.0;
				TEST_HOST = "$(BUILT_PRODUCTS_DIR)/TableViewSections_Example.app/TableViewSections_Example";
			};
			name = Release;
		};
/* End XCBuildConfiguration section */

/* Begin XCConfigurationList section */
		607FACCB1AFB9204008FA782 /* Build configuration list for PBXProject "TableViewSections" */ = {
			isa = XCConfigurationList;
			buildConfigurations = (
				607FACED1AFB9204008FA782 /* Debug */,
				607FACEE1AFB9204008FA782 /* Release */,
			);
			defaultConfigurationIsVisible = 0;
			defaultConfigurationName = Release;
		};
		607FACEF1AFB9204008FA782 /* Build configuration list for PBXNativeTarget "TableViewSections_Example" */ = {
			isa = XCConfigurationList;
			buildConfigurations = (
				607FACF01AFB9204008FA782 /* Debug */,
				607FACF11AFB9204008FA782 /* Release */,
			);
			defaultConfigurationIsVisible = 0;
			defaultConfigurationName = Release;
		};
		607FACF21AFB9204008FA782 /* Build configuration list for PBXNativeTarget "TableViewSections_Tests" */ = {
			isa = XCConfigurationList;
			buildConfigurations = (
				607FACF31AFB9204008FA782 /* Debug */,
				607FACF41AFB9204008FA782 /* Release */,
			);
			defaultConfigurationIsVisible = 0;
			defaultConfigurationName = Release;
		};
/* End XCConfigurationList section */
	};
	rootObject = 607FACC81AFB9204008FA782 /* Project object */;
}
